PODS:
  - Flutter (1.0.0)
  - flutter_athlete_app_support (0.0.1):
    - Flutter

DEPENDENCIES:
  - Flutter (from `Flutter`)
  - flutter_athlete_app_support (from `.symlinks/plugins/flutter_athlete_app_support/ios`)

EXTERNAL SOURCES:
  Flutter:
    :path: Flutter
  flutter_athlete_app_support:
    :path: ".symlinks/plugins/flutter_athlete_app_support/ios"

SPEC CHECKSUMS:
  Flutter: 0e3d915762c693b495b44d77113d4970485de6ec
  flutter_athlete_app_support: f8c81783fdcde93dd06d025ec7130aac0813596d

PODFILE CHECKSUM: f32fb4e7c14f8b3ca19a369d7be425dd9241af27

COCOAPODS: 1.8.3
